
Microsoft Visual Studio Solution File, Format Version 12.00
# Visual Studio Version 17
VisualStudioVersion = 17.3.32819.101
MinimumVisualStudioVersion = 10.0.40219.1
Project("{FAE04EC0-301F-11D3-BF4B-00C04F79EFBC}") = "TextEditor", "TextEditor.csproj", "{F9868223-4F2E-44C8-B5BF-8A2F09B31CBF}"
EndProject
Global
	GlobalSection(SolutionConfigurationPlatforms) = preSolution
		Debug|Any CPU = Debug|Any CPU
		Release|Any CPU = Release|Any CPU
	EndGlobalSection
	GlobalSection(ProjectConfigurationPlatforms) = postSolution
		{F9868223-4F2E-44C8-B5BF-8A2F09B31CBF}.Debug|Any CPU.ActiveCfg = Debug|Any CPU
		{F9868223-4F2E-44C8-B5BF-8A2F09B31CBF}.Debug|Any CPU.Build.0 = Debug|Any CPU
		{F9868223-4F2E-44C8-B5BF-8A2F09B31CBF}.Release|Any CPU.ActiveCfg = Release|Any CPU
		{F9868223-4F2E-44C8-B5BF-8A2F09B31CBF}.Release|Any CPU.Build.0 = Release|Any CPU
	EndGlobalSection
	GlobalSection(SolutionProperties) = preSolution
		HideSolutionNode = FALSE
	EndGlobalSection
	GlobalSection(ExtensibilityGlobals) = postSolution
		SolutionGuid = {70C47D95-EABB-492D-88A4-3D2E555372F1}
	EndGlobalSection
EndGlobal
